{
  "version": 1,
  "dependencies": {
    "net10.0": {
      "Npgsql": {
        "type": "Direct",
        "requested": "[10.0.3, )",
        "resolved": "10.0.3",
        "contentHash": "7nb5YzXuvWWJxB0J8DiyL3we+X4FOctZrt0fIBnucOIaIevFEEwGQVZKtiu9olXdlNAK1eNgqSral6r/jlhI4w=="
      },
      "chuanhoa.application": {
        "type": "Project",
        "dependencies": {
          "ChuanHoa.Contracts": "[1.0.0.114, )",
          "ChuanHoa.Domain": "[1.0.0.114, )"
        }
      },
      "chuanhoa.contracts": {
        "type": "Project"
      },
      "chuanhoa.domain": {
        "type": "Project",
        "dependencies": {
          "ChuanHoa.Contracts": "[1.0.0.114, )"
        }
      }
    }
  }
}